
Microsoft Visual Studio Solution File, Format Version 12.00
# Visual Studio 14
VisualStudioVersion = 14.0.25123.0
MinimumVisualStudioVersion = 10.0.40219.1
Project("{FAE04EC0-301F-11D3-BF4B-00C04F79EFBC}") = "AppLimpia.Droid", "AppLimpia\AppLimpia.Droid\AppLimpia.Droid.csproj", "{DE8FA8FC-40C4-4E0C-909A-0CBEAF51750A}"
EndProject
Project("{FAE04EC0-301F-11D3-BF4B-00C04F79EFBC}") = "AppLimpia.iOS", "AppLimpia\AppLimpia.iOS\AppLimpia.iOS.csproj", "{7F8B6310-F294-43BE-9DC2-A19F8987086D}"
EndProject
Project("{FAE04EC0-301F-11D3-BF4B-00C04F79EFBC}") = "AppLimpia.WinPhone", "AppLimpia\AppLimpia.WinPhone\AppLimpia.WinPhone.csproj", "{8C7B3D99-CE85-43F3-9E80-5D53648A85F6}"
EndProject
Project("{FAE04EC0-301F-11D3-BF4B-00C04F79EFBC}") = "AppLimpia", "AppLimpia\AppLimpia\AppLimpia.csproj", "{7C07E104-5812-43BB-A70D-37AA799BD1DB}"
EndProject
Project("{FAE04EC0-301F-11D3-BF4B-00C04F79EFBC}") = "Tools.Kmz2Json", "Tools.Kmz2Json\Tools.Kmz2Json.csproj", "{4C8DA3BE-FE92-4250-9DCA-FC5AD09EEBC6}"
EndProject
Project("{FAE04EC0-301F-11D3-BF4B-00C04F79EFBC}") = "Xamarin.Forms.Maps.WinRT.Phone", "Xamarin.Forms.Maps.WinRT.Phone\Xamarin.Forms.Maps.WinRT.Phone.csproj", "{2633AF57-F2CB-442A-AC19-F97BD8A06571}"
EndProject
Project("{FAE04EC0-301F-11D3-BF4B-00C04F79EFBC}") = "Xamarin.Forms.Maps.Android", "Xamarin.Forms.Maps.Android\Xamarin.Forms.Maps.Android.csproj", "{BD50B39A-EBC5-408F-9C5E-923A8EBAE473}"
EndProject
Global
	GlobalSection(SolutionConfigurationPlatforms) = preSolution
		Ad-Hoc|Any CPU = Ad-Hoc|Any CPU
		Ad-Hoc|ARM = Ad-Hoc|ARM
		Ad-Hoc|iPhone = Ad-Hoc|iPhone
		Ad-Hoc|iPhoneSimulator = Ad-Hoc|iPhoneSimulator
		Ad-Hoc|x64 = Ad-Hoc|x64
		Ad-Hoc|x86 = Ad-Hoc|x86
		AppStore|Any CPU = AppStore|Any CPU
		AppStore|ARM = AppStore|ARM
		AppStore|iPhone = AppStore|iPhone
		AppStore|iPhoneSimulator = AppStore|iPhoneSimulator
		AppStore|x64 = AppStore|x64
		AppStore|x86 = AppStore|x86
		Debug|Any CPU = Debug|Any CPU
		Debug|ARM = Debug|ARM
		Debug|iPhone = Debug|iPhone
		Debug|iPhoneSimulator = Debug|iPhoneSimulator
		Debug|x64 = Debug|x64
		Debug|x86 = Debug|x86
		Release|Any CPU = Release|Any CPU
		Release|ARM = Release|ARM
		Release|iPhone = Release|iPhone
		Release|iPhoneSimulator = Release|iPhoneSimulator
		Release|x64 = Release|x64
		Release|x86 = Release|x86
		Turkey|Any CPU = Turkey|Any CPU
		Turkey|ARM = Turkey|ARM
		Turkey|iPhone = Turkey|iPhone
		Turkey|iPhoneSimulator = Turkey|iPhoneSimulator
		Turkey|x64 = Turkey|x64
		Turkey|x86 = Turkey|x86
	EndGlobalSection
	GlobalSection(ProjectConfigurationPlatforms) = postSolution
		{DE8FA8FC-40C4-4E0C-909A-0CBEAF51750A}.Ad-Hoc|Any CPU.ActiveCfg = Release|Any CPU
		{DE8FA8FC-40C4-4E0C-909A-0CBEAF51750A}.Ad-Hoc|Any CPU.Build.0 = Release|Any CPU
		{DE8FA8FC-40C4-4E0C-909A-0CBEAF51750A}.Ad-Hoc|Any CPU.Deploy.0 = Release|Any CPU
		{DE8FA8FC-40C4-4E0C-909A-0CBEAF51750A}.Ad-Hoc|ARM.ActiveCfg = Release|Any CPU
		{DE8FA8FC-40C4-4E0C-909A-0CBEAF51750A}.Ad-Hoc|ARM.Build.0 = Release|Any CPU
		{DE8FA8FC-40C4-4E0C-909A-0CBEAF51750A}.Ad-Hoc|ARM.Deploy.0 = Release|Any CPU
		{DE8FA8FC-40C4-4E0C-909A-0CBEAF51750A}.Ad-Hoc|iPhone.ActiveCfg = Release|Any CPU
		{DE8FA8FC-40C4-4E0C-909A-0CBEAF51750A}.Ad-Hoc|iPhone.Build.0 = Release|Any CPU
		{DE8FA8FC-40C4-4E0C-909A-0CBEAF51750A}.Ad-Hoc|iPhone.Deploy.0 = Release|Any CPU
		{DE8FA8FC-40C4-4E0C-909A-0CBEAF51750A}.Ad-Hoc|iPhoneSimulator.ActiveCfg = Release|Any CPU
		{DE8FA8FC-40C4-4E0C-909A-0CBEAF51750A}.Ad-Hoc|iPhoneSimulator.Build.0 = Release|Any CPU
		{DE8FA8FC-40C4-4E0C-909A-0CBEAF51750A}.Ad-Hoc|iPhoneSimulator.Deploy.0 = Release|Any CPU
		{DE8FA8FC-40C4-4E0C-909A-0CBEAF51750A}.Ad-Hoc|x64.ActiveCfg = Release|Any CPU
		{DE8FA8FC-40C4-4E0C-909A-0CBEAF51750A}.Ad-Hoc|x64.Build.0 = Release|Any CPU
		{DE8FA8FC-40C4-4E0C-909A-0CBEAF51750A}.Ad-Hoc|x64.Deploy.0 = Release|Any CPU
		{DE8FA8FC-40C4-4E0C-909A-0CBEAF51750A}.Ad-Hoc|x86.ActiveCfg = Release|Any CPU
		{DE8FA8FC-40C4-4E0C-909A-0CBEAF51750A}.Ad-Hoc|x86.Build.0 = Release|Any CPU
		{DE8FA8FC-40C4-4E0C-909A-0CBEAF51750A}.Ad-Hoc|x86.Deploy.0 = Release|Any CPU
		{DE8FA8FC-40C4-4E0C-909A-0CBEAF51750A}.AppStore|Any CPU.ActiveCfg = Release|Any CPU
		{DE8FA8FC-40C4-4E0C-909A-0CBEAF51750A}.AppStore|Any CPU.Build.0 = Release|Any CPU
		{DE8FA8FC-40C4-4E0C-909A-0CBEAF51750A}.AppStore|Any CPU.Deploy.0 = Release|Any CPU
		{DE8FA8FC-40C4-4E0C-909A-0CBEAF51750A}.AppStore|ARM.ActiveCfg = Release|Any CPU
		{DE8FA8FC-40C4-4E0C-909A-0CBEAF51750A}.AppStore|ARM.Build.0 = Release|Any CPU
		{DE8FA8FC-40C4-4E0C-909A-0CBEAF51750A}.AppStore|ARM.Deploy.0 = Release|Any CPU
		{DE8FA8FC-40C4-4E0C-909A-0CBEAF51750A}.AppStore|iPhone.ActiveCfg = Release|Any CPU
		{DE8FA8FC-40C4-4E0C-909A-0CBEAF51750A}.AppStore|iPhone.Build.0 = Release|Any CPU
		{DE8FA8FC-40C4-4E0C-909A-0CBEAF51750A}.AppStore|iPhone.Deploy.0 = Release|Any CPU
		{DE8FA8FC-40C4-4E0C-909A-0CBEAF51750A}.AppStore|iPhoneSimulator.ActiveCfg = Release|Any CPU
		{DE8FA8FC-40C4-4E0C-909A-0CBEAF51750A}.AppStore|iPhoneSimulator.Build.0 = Release|Any CPU
		{DE8FA8FC-40C4-4E0C-909A-0CBEAF51750A}.AppStore|iPhoneSimulator.Deploy.0 = Release|Any CPU
		{DE8FA8FC-40C4-4E0C-909A-0CBEAF51750A}.AppStore|x64.ActiveCfg = Release|Any CPU
		{DE8FA8FC-40C4-4E0C-909A-0CBEAF51750A}.AppStore|x64.Build.0 = Release|Any CPU
		{DE8FA8FC-40C4-4E0C-909A-0CBEAF51750A}.AppStore|x64.Deploy.0 = Release|Any CPU
		{DE8FA8FC-40C4-4E0C-909A-0CBEAF51750A}.AppStore|x86.ActiveCfg = Release|Any CPU
		{DE8FA8FC-40C4-4E0C-909A-0CBEAF51750A}.AppStore|x86.Build.0 = Release|Any CPU
		{DE8FA8FC-40C4-4E0C-909A-0CBEAF51750A}.AppStore|x86.Deploy.0 = Release|Any CPU
		{DE8FA8FC-40C4-4E0C-909A-0CBEAF51750A}.Debug|Any CPU.ActiveCfg = Debug|Any CPU
		{DE8FA8FC-40C4-4E0C-909A-0CBEAF51750A}.Debug|Any CPU.Build.0 = Debug|Any CPU
		{DE8FA8FC-40C4-4E0C-909A-0CBEAF51750A}.Debug|Any CPU.Deploy.0 = Debug|Any CPU
		{DE8FA8FC-40C4-4E0C-909A-0CBEAF51750A}.Debug|ARM.ActiveCfg = Debug|Any CPU
		{DE8FA8FC-40C4-4E0C-909A-0CBEAF51750A}.Debug|ARM.Build.0 = Debug|Any CPU
		{DE8FA8FC-40C4-4E0C-909A-0CBEAF51750A}.Debug|ARM.Deploy.0 = Debug|Any CPU
		{DE8FA8FC-40C4-4E0C-909A-0CBEAF51750A}.Debug|iPhone.ActiveCfg = Debug|Any CPU
		{DE8FA8FC-40C4-4E0C-909A-0CBEAF51750A}.Debug|iPhone.Build.0 = Debug|Any CPU
		{DE8FA8FC-40C4-4E0C-909A-0CBEAF51750A}.Debug|iPhone.Deploy.0 = Debug|Any CPU
		{DE8FA8FC-40C4-4E0C-909A-0CBEAF51750A}.Debug|iPhoneSimulator.ActiveCfg = Debug|Any CPU
		{DE8FA8FC-40C4-4E0C-909A-0CBEAF51750A}.Debug|iPhoneSimulator.Build.0 = Debug|Any CPU
		{DE8FA8FC-40C4-4E0C-909A-0CBEAF51750A}.Debug|iPhoneSimulator.Deploy.0 = Debug|Any CPU
		{DE8FA8FC-40C4-4E0C-909A-0CBEAF51750A}.Debug|x64.ActiveCfg = Debug|Any CPU
		{DE8FA8FC-40C4-4E0C-909A-0CBEAF51750A}.Debug|x64.Build.0 = Debug|Any CPU
		{DE8FA8FC-40C4-4E0C-909A-0CBEAF51750A}.Debug|x64.Deploy.0 = Debug|Any CPU
		{DE8FA8FC-40C4-4E0C-909A-0CBEAF51750A}.Debug|x86.ActiveCfg = Debug|Any CPU
		{DE8FA8FC-40C4-4E0C-909A-0CBEAF51750A}.Debug|x86.Build.0 = Debug|Any CPU
		{DE8FA8FC-40C4-4E0C-909A-0CBEAF51750A}.Debug|x86.Deploy.0 = Debug|Any CPU
		{DE8FA8FC-40C4-4E0C-909A-0CBEAF51750A}.Release|Any CPU.ActiveCfg = Release|Any CPU
		{DE8FA8FC-40C4-4E0C-909A-0CBEAF51750A}.Release|Any CPU.Build.0 = Release|Any CPU
		{DE8FA8FC-40C4-4E0C-909A-0CBEAF51750A}.Release|Any CPU.Deploy.0 = Release|Any CPU
		{DE8FA8FC-40C4-4E0C-909A-0CBEAF51750A}.Release|ARM.ActiveCfg = Release|Any CPU
		{DE8FA8FC-40C4-4E0C-909A-0CBEAF51750A}.Release|ARM.Build.0 = Release|Any CPU
		{DE8FA8FC-40C4-4E0C-909A-0CBEAF51750A}.Release|ARM.Deploy.0 = Release|Any CPU
		{DE8FA8FC-40C4-4E0C-909A-0CBEAF51750A}.Release|iPhone.ActiveCfg = Release|Any CPU
		{DE8FA8FC-40C4-4E0C-909A-0CBEAF51750A}.Release|iPhone.Build.0 = Release|Any CPU
		{DE8FA8FC-40C4-4E0C-909A-0CBEAF51750A}.Release|iPhone.Deploy.0 = Release|Any CPU
		{DE8FA8FC-40C4-4E0C-909A-0CBEAF51750A}.Release|iPhoneSimulator.ActiveCfg = Release|Any CPU
		{DE8FA8FC-40C4-4E0C-909A-0CBEAF51750A}.Release|iPhoneSimulator.Build.0 = Release|Any CPU
		{DE8FA8FC-40C4-4E0C-909A-0CBEAF51750A}.Release|iPhoneSimulator.Deploy.0 = Release|Any CPU
		{DE8FA8FC-40C4-4E0C-909A-0CBEAF51750A}.Release|x64.ActiveCfg = Release|Any CPU
		{DE8FA8FC-40C4-4E0C-909A-0CBEAF51750A}.Release|x64.Build.0 = Release|Any CPU
		{DE8FA8FC-40C4-4E0C-909A-0CBEAF51750A}.Release|x64.Deploy.0 = Release|Any CPU
		{DE8FA8FC-40C4-4E0C-909A-0CBEAF51750A}.Release|x86.ActiveCfg = Release|Any CPU
		{DE8FA8FC-40C4-4E0C-909A-0CBEAF51750A}.Release|x86.Build.0 = Release|Any CPU
		{DE8FA8FC-40C4-4E0C-909A-0CBEAF51750A}.Release|x86.Deploy.0 = Release|Any CPU
		{DE8FA8FC-40C4-4E0C-909A-0CBEAF51750A}.Turkey|Any CPU.ActiveCfg = Debug|Any CPU
		{DE8FA8FC-40C4-4E0C-909A-0CBEAF51750A}.Turkey|Any CPU.Build.0 = Debug|Any CPU
		{DE8FA8FC-40C4-4E0C-909A-0CBEAF51750A}.Turkey|Any CPU.Deploy.0 = Debug|Any CPU
		{DE8FA8FC-40C4-4E0C-909A-0CBEAF51750A}.Turkey|ARM.ActiveCfg = Debug|Any CPU
		{DE8FA8FC-40C4-4E0C-909A-0CBEAF51750A}.Turkey|ARM.Build.0 = Debug|Any CPU
		{DE8FA8FC-40C4-4E0C-909A-0CBEAF51750A}.Turkey|ARM.Deploy.0 = Debug|Any CPU
		{DE8FA8FC-40C4-4E0C-909A-0CBEAF51750A}.Turkey|iPhone.ActiveCfg = Debug|Any CPU
		{DE8FA8FC-40C4-4E0C-909A-0CBEAF51750A}.Turkey|iPhone.Build.0 = Debug|Any CPU
		{DE8FA8FC-40C4-4E0C-909A-0CBEAF51750A}.Turkey|iPhone.Deploy.0 = Debug|Any CPU
		{DE8FA8FC-40C4-4E0C-909A-0CBEAF51750A}.Turkey|iPhoneSimulator.ActiveCfg = Debug|Any CPU
		{DE8FA8FC-40C4-4E0C-909A-0CBEAF51750A}.Turkey|iPhoneSimulator.Build.0 = Debug|Any CPU
		{DE8FA8FC-40C4-4E0C-909A-0CBEAF51750A}.Turkey|iPhoneSimulator.Deploy.0 = Debug|Any CPU
		{DE8FA8FC-40C4-4E0C-909A-0CBEAF51750A}.Turkey|x64.ActiveCfg = Debug|Any CPU
		{DE8FA8FC-40C4-4E0C-909A-0CBEAF51750A}.Turkey|x64.Build.0 = Debug|Any CPU
		{DE8FA8FC-40C4-4E0C-909A-0CBEAF51750A}.Turkey|x64.Deploy.0 = Debug|Any CPU
		{DE8FA8FC-40C4-4E0C-909A-0CBEAF51750A}.Turkey|x86.ActiveCfg = Debug|Any CPU
		{DE8FA8FC-40C4-4E0C-909A-0CBEAF51750A}.Turkey|x86.Build.0 = Debug|Any CPU
		{DE8FA8FC-40C4-4E0C-909A-0CBEAF51750A}.Turkey|x86.Deploy.0 = Debug|Any CPU
		{7F8B6310-F294-43BE-9DC2-A19F8987086D}.Ad-Hoc|Any CPU.ActiveCfg = Ad-Hoc|iPhone
		{7F8B6310-F294-43BE-9DC2-A19F8987086D}.Ad-Hoc|ARM.ActiveCfg = Ad-Hoc|iPhone
		{7F8B6310-F294-43BE-9DC2-A19F8987086D}.Ad-Hoc|iPhone.ActiveCfg = Ad-Hoc|iPhone
		{7F8B6310-F294-43BE-9DC2-A19F8987086D}.Ad-Hoc|iPhone.Build.0 = Ad-Hoc|iPhone
		{7F8B6310-F294-43BE-9DC2-A19F8987086D}.Ad-Hoc|iPhoneSimulator.ActiveCfg = Ad-Hoc|iPhoneSimulator
		{7F8B6310-F294-43BE-9DC2-A19F8987086D}.Ad-Hoc|iPhoneSimulator.Build.0 = Ad-Hoc|iPhoneSimulator
		{7F8B6310-F294-43BE-9DC2-A19F8987086D}.Ad-Hoc|x64.ActiveCfg = Ad-Hoc|iPhone
		{7F8B6310-F294-43BE-9DC2-A19F8987086D}.Ad-Hoc|x86.ActiveCfg = Ad-Hoc|iPhone
		{7F8B6310-F294-43BE-9DC2-A19F8987086D}.AppStore|Any CPU.ActiveCfg = AppStore|iPhone
		{7F8B6310-F294-43BE-9DC2-A19F8987086D}.AppStore|ARM.ActiveCfg = AppStore|iPhone
		{7F8B6310-F294-43BE-9DC2-A19F8987086D}.AppStore|iPhone.ActiveCfg = AppStore|iPhone
		{7F8B6310-F294-43BE-9DC2-A19F8987086D}.AppStore|iPhone.Build.0 = AppStore|iPhone
		{7F8B6310-F294-43BE-9DC2-A19F8987086D}.AppStore|iPhoneSimulator.ActiveCfg = AppStore|iPhoneSimulator
		{7F8B6310-F294-43BE-9DC2-A19F8987086D}.AppStore|iPhoneSimulator.Build.0 = AppStore|iPhoneSimulator
		{7F8B6310-F294-43BE-9DC2-A19F8987086D}.AppStore|x64.ActiveCfg = AppStore|iPhone
		{7F8B6310-F294-43BE-9DC2-A19F8987086D}.AppStore|x86.ActiveCfg = AppStore|iPhone
		{7F8B6310-F294-43BE-9DC2-A19F8987086D}.Debug|Any CPU.ActiveCfg = Debug|iPhone
		{7F8B6310-F294-43BE-9DC2-A19F8987086D}.Debug|ARM.ActiveCfg = Debug|iPhone
		{7F8B6310-F294-43BE-9DC2-A19F8987086D}.Debug|iPhone.ActiveCfg = Debug|iPhone
		{7F8B6310-F294-43BE-9DC2-A19F8987086D}.Debug|iPhone.Build.0 = Debug|iPhone
		{7F8B6310-F294-43BE-9DC2-A19F8987086D}.Debug|iPhoneSimulator.ActiveCfg = Debug|iPhoneSimulator
		{7F8B6310-F294-43BE-9DC2-A19F8987086D}.Debug|iPhoneSimulator.Build.0 = Debug|iPhoneSimulator
		{7F8B6310-F294-43BE-9DC2-A19F8987086D}.Debug|x64.ActiveCfg = Debug|iPhone
		{7F8B6310-F294-43BE-9DC2-A19F8987086D}.Debug|x86.ActiveCfg = Debug|iPhone
		{7F8B6310-F294-43BE-9DC2-A19F8987086D}.Release|Any CPU.ActiveCfg = Release|iPhone
		{7F8B6310-F294-43BE-9DC2-A19F8987086D}.Release|ARM.ActiveCfg = Release|iPhone
		{7F8B6310-F294-43BE-9DC2-A19F8987086D}.Release|iPhone.ActiveCfg = Release|iPhone
		{7F8B6310-F294-43BE-9DC2-A19F8987086D}.Release|iPhone.Build.0 = Release|iPhone
		{7F8B6310-F294-43BE-9DC2-A19F8987086D}.Release|iPhoneSimulator.ActiveCfg = Release|iPhoneSimulator
		{7F8B6310-F294-43BE-9DC2-A19F8987086D}.Release|iPhoneSimulator.Build.0 = Release|iPhoneSimulator
		{7F8B6310-F294-43BE-9DC2-A19F8987086D}.Release|x64.ActiveCfg = Release|iPhone
		{7F8B6310-F294-43BE-9DC2-A19F8987086D}.Release|x86.ActiveCfg = Release|iPhone
		{7F8B6310-F294-43BE-9DC2-A19F8987086D}.Turkey|Any CPU.ActiveCfg = Release|iPhoneSimulator
		{7F8B6310-F294-43BE-9DC2-A19F8987086D}.Turkey|Any CPU.Build.0 = Release|iPhoneSimulator
		{7F8B6310-F294-43BE-9DC2-A19F8987086D}.Turkey|ARM.ActiveCfg = Release|iPhoneSimulator
		{7F8B6310-F294-43BE-9DC2-A19F8987086D}.Turkey|ARM.Build.0 = Release|iPhoneSimulator
		{7F8B6310-F294-43BE-9DC2-A19F8987086D}.Turkey|iPhone.ActiveCfg = Release|iPhone
		{7F8B6310-F294-43BE-9DC2-A19F8987086D}.Turkey|iPhone.Build.0 = Release|iPhone
		{7F8B6310-F294-43BE-9DC2-A19F8987086D}.Turkey|iPhoneSimulator.ActiveCfg = Release|iPhoneSimulator
		{7F8B6310-F294-43BE-9DC2-A19F8987086D}.Turkey|iPhoneSimulator.Build.0 = Release|iPhoneSimulator
		{7F8B6310-F294-43BE-9DC2-A19F8987086D}.Turkey|x64.ActiveCfg = Release|iPhoneSimulator
		{7F8B6310-F294-43BE-9DC2-A19F8987086D}.Turkey|x64.Build.0 = Release|iPhoneSimulator
		{7F8B6310-F294-43BE-9DC2-A19F8987086D}.Turkey|x86.ActiveCfg = Release|iPhoneSimulator
		{7F8B6310-F294-43BE-9DC2-A19F8987086D}.Turkey|x86.Build.0 = Release|iPhoneSimulator
		{8C7B3D99-CE85-43F3-9E80-5D53648A85F6}.Ad-Hoc|Any CPU.ActiveCfg = Release|Any CPU
		{8C7B3D99-CE85-43F3-9E80-5D53648A85F6}.Ad-Hoc|Any CPU.Build.0 = Release|Any CPU
		{8C7B3D99-CE85-43F3-9E80-5D53648A85F6}.Ad-Hoc|Any CPU.Deploy.0 = Release|Any CPU
		{8C7B3D99-CE85-43F3-9E80-5D53648A85F6}.Ad-Hoc|ARM.ActiveCfg = Release|ARM
		{8C7B3D99-CE85-43F3-9E80-5D53648A85F6}.Ad-Hoc|ARM.Build.0 = Release|ARM
		{8C7B3D99-CE85-43F3-9E80-5D53648A85F6}.Ad-Hoc|ARM.Deploy.0 = Release|ARM
		{8C7B3D99-CE85-43F3-9E80-5D53648A85F6}.Ad-Hoc|iPhone.ActiveCfg = Release|Any CPU
		{8C7B3D99-CE85-43F3-9E80-5D53648A85F6}.Ad-Hoc|iPhone.Build.0 = Release|Any CPU
		{8C7B3D99-CE85-43F3-9E80-5D53648A85F6}.Ad-Hoc|iPhone.Deploy.0 = Release|Any CPU
		{8C7B3D99-CE85-43F3-9E80-5D53648A85F6}.Ad-Hoc|iPhoneSimulator.ActiveCfg = Release|Any CPU
		{8C7B3D99-CE85-43F3-9E80-5D53648A85F6}.Ad-Hoc|iPhoneSimulator.Build.0 = Release|Any CPU
		{8C7B3D99-CE85-43F3-9E80-5D53648A85F6}.Ad-Hoc|iPhoneSimulator.Deploy.0 = Release|Any CPU
		{8C7B3D99-CE85-43F3-9E80-5D53648A85F6}.Ad-Hoc|x64.ActiveCfg = Release|Any CPU
		{8C7B3D99-CE85-43F3-9E80-5D53648A85F6}.Ad-Hoc|x64.Build.0 = Release|Any CPU
		{8C7B3D99-CE85-43F3-9E80-5D53648A85F6}.Ad-Hoc|x64.Deploy.0 = Release|Any CPU
		{8C7B3D99-CE85-43F3-9E80-5D53648A85F6}.Ad-Hoc|x86.ActiveCfg = Release|x86
		{8C7B3D99-CE85-43F3-9E80-5D53648A85F6}.Ad-Hoc|x86.Build.0 = Release|x86
		{8C7B3D99-CE85-43F3-9E80-5D53648A85F6}.Ad-Hoc|x86.Deploy.0 = Release|x86
		{8C7B3D99-CE85-43F3-9E80-5D53648A85F6}.AppStore|Any CPU.ActiveCfg = Release|Any CPU
		{8C7B3D99-CE85-43F3-9E80-5D53648A85F6}.AppStore|Any CPU.Build.0 = Release|Any CPU
		{8C7B3D99-CE85-43F3-9E80-5D53648A85F6}.AppStore|Any CPU.Deploy.0 = Release|Any CPU
		{8C7B3D99-CE85-43F3-9E80-5D53648A85F6}.AppStore|ARM.ActiveCfg = Release|ARM
		{8C7B3D99-CE85-43F3-9E80-5D53648A85F6}.AppStore|ARM.Build.0 = Release|ARM
		{8C7B3D99-CE85-43F3-9E80-5D53648A85F6}.AppStore|ARM.Deploy.0 = Release|ARM
		{8C7B3D99-CE85-43F3-9E80-5D53648A85F6}.AppStore|iPhone.ActiveCfg = Release|Any CPU
		{8C7B3D99-CE85-43F3-9E80-5D53648A85F6}.AppStore|iPhone.Build.0 = Release|Any CPU
		{8C7B3D99-CE85-43F3-9E80-5D53648A85F6}.AppStore|iPhone.Deploy.0 = Release|Any CPU
		{8C7B3D99-CE85-43F3-9E80-5D53648A85F6}.AppStore|iPhoneSimulator.ActiveCfg = Release|Any CPU
		{8C7B3D99-CE85-43F3-9E80-5D53648A85F6}.AppStore|iPhoneSimulator.Build.0 = Release|Any CPU
		{8C7B3D99-CE85-43F3-9E80-5D53648A85F6}.AppStore|iPhoneSimulator.Deploy.0 = Release|Any CPU
		{8C7B3D99-CE85-43F3-9E80-5D53648A85F6}.AppStore|x64.ActiveCfg = Release|Any CPU
		{8C7B3D99-CE85-43F3-9E80-5D53648A85F6}.AppStore|x64.Build.0 = Release|Any CPU
		{8C7B3D99-CE85-43F3-9E80-5D53648A85F6}.AppStore|x64.Deploy.0 = Release|Any CPU
		{8C7B3D99-CE85-43F3-9E80-5D53648A85F6}.AppStore|x86.ActiveCfg = Release|x86
		{8C7B3D99-CE85-43F3-9E80-5D53648A85F6}.AppStore|x86.Build.0 = Release|x86
		{8C7B3D99-CE85-43F3-9E80-5D53648A85F6}.AppStore|x86.Deploy.0 = Release|x86
		{8C7B3D99-CE85-43F3-9E80-5D53648A85F6}.Debug|Any CPU.ActiveCfg = Debug|Any CPU
		{8C7B3D99-CE85-43F3-9E80-5D53648A85F6}.Debug|Any CPU.Build.0 = Debug|Any CPU
		{8C7B3D99-CE85-43F3-9E80-5D53648A85F6}.Debug|Any CPU.Deploy.0 = Debug|Any CPU
		{8C7B3D99-CE85-43F3-9E80-5D53648A85F6}.Debug|ARM.ActiveCfg = Debug|ARM
		{8C7B3D99-CE85-43F3-9E80-5D53648A85F6}.Debug|ARM.Build.0 = Debug|ARM
		{8C7B3D99-CE85-43F3-9E80-5D53648A85F6}.Debug|ARM.Deploy.0 = Debug|ARM
		{8C7B3D99-CE85-43F3-9E80-5D53648A85F6}.Debug|iPhone.ActiveCfg = Debug|Any CPU
		{8C7B3D99-CE85-43F3-9E80-5D53648A85F6}.Debug|iPhone.Build.0 = Debug|Any CPU
		{8C7B3D99-CE85-43F3-9E80-5D53648A85F6}.Debug|iPhone.Deploy.0 = Debug|Any CPU
		{8C7B3D99-CE85-43F3-9E80-5D53648A85F6}.Debug|iPhoneSimulator.ActiveCfg = Debug|Any CPU
		{8C7B3D99-CE85-43F3-9E80-5D53648A85F6}.Debug|iPhoneSimulator.Build.0 = Debug|Any CPU
		{8C7B3D99-CE85-43F3-9E80-5D53648A85F6}.Debug|iPhoneSimulator.Deploy.0 = Debug|Any CPU
		{8C7B3D99-CE85-43F3-9E80-5D53648A85F6}.Debug|x64.ActiveCfg = Debug|Any CPU
		{8C7B3D99-CE85-43F3-9E80-5D53648A85F6}.Debug|x64.Build.0 = Debug|Any CPU
		{8C7B3D99-CE85-43F3-9E80-5D53648A85F6}.Debug|x64.Deploy.0 = Debug|Any CPU
		{8C7B3D99-CE85-43F3-9E80-5D53648A85F6}.Debug|x86.ActiveCfg = Debug|x86
		{8C7B3D99-CE85-43F3-9E80-5D53648A85F6}.Debug|x86.Build.0 = Debug|x86
		{8C7B3D99-CE85-43F3-9E80-5D53648A85F6}.Debug|x86.Deploy.0 = Debug|x86
		{8C7B3D99-CE85-43F3-9E80-5D53648A85F6}.Release|Any CPU.ActiveCfg = Release|Any CPU
		{8C7B3D99-CE85-43F3-9E80-5D53648A85F6}.Release|Any CPU.Build.0 = Release|Any CPU
		{8C7B3D99-CE85-43F3-9E80-5D53648A85F6}.Release|Any CPU.Deploy.0 = Release|Any CPU
		{8C7B3D99-CE85-43F3-9E80-5D53648A85F6}.Release|ARM.ActiveCfg = Release|ARM
		{8C7B3D99-CE85-43F3-9E80-5D53648A85F6}.Release|ARM.Build.0 = Release|ARM
		{8C7B3D99-CE85-43F3-9E80-5D53648A85F6}.Release|ARM.Deploy.0 = Release|ARM
		{8C7B3D99-CE85-43F3-9E80-5D53648A85F6}.Release|iPhone.ActiveCfg = Release|Any CPU
		{8C7B3D99-CE85-43F3-9E80-5D53648A85F6}.Release|iPhone.Build.0 = Release|Any CPU
		{8C7B3D99-CE85-43F3-9E80-5D53648A85F6}.Release|iPhone.Deploy.0 = Release|Any CPU
		{8C7B3D99-CE85-43F3-9E80-5D53648A85F6}.Release|iPhoneSimulator.ActiveCfg = Release|Any CPU
		{8C7B3D99-CE85-43F3-9E80-5D53648A85F6}.Release|iPhoneSimulator.Build.0 = Release|Any CPU
		{8C7B3D99-CE85-43F3-9E80-5D53648A85F6}.Release|iPhoneSimulator.Deploy.0 = Release|Any CPU
		{8C7B3D99-CE85-43F3-9E80-5D53648A85F6}.Release|x64.ActiveCfg = Release|Any CPU
		{8C7B3D99-CE85-43F3-9E80-5D53648A85F6}.Release|x64.Build.0 = Release|Any CPU
		{8C7B3D99-CE85-43F3-9E80-5D53648A85F6}.Release|x64.Deploy.0 = Release|Any CPU
		{8C7B3D99-CE85-43F3-9E80-5D53648A85F6}.Release|x86.ActiveCfg = Release|x86
		{8C7B3D99-CE85-43F3-9E80-5D53648A85F6}.Release|x86.Build.0 = Release|x86
		{8C7B3D99-CE85-43F3-9E80-5D53648A85F6}.Release|x86.Deploy.0 = Release|x86
		{8C7B3D99-CE85-43F3-9E80-5D53648A85F6}.Turkey|Any CPU.ActiveCfg = Debug|Any CPU
		{8C7B3D99-CE85-43F3-9E80-5D53648A85F6}.Turkey|Any CPU.Build.0 = Debug|Any CPU
		{8C7B3D99-CE85-43F3-9E80-5D53648A85F6}.Turkey|Any CPU.Deploy.0 = Debug|Any CPU
		{8C7B3D99-CE85-43F3-9E80-5D53648A85F6}.Turkey|ARM.ActiveCfg = Debug|ARM
		{8C7B3D99-CE85-43F3-9E80-5D53648A85F6}.Turkey|ARM.Build.0 = Debug|ARM
		{8C7B3D99-CE85-43F3-9E80-5D53648A85F6}.Turkey|ARM.Deploy.0 = Debug|ARM
		{8C7B3D99-CE85-43F3-9E80-5D53648A85F6}.Turkey|iPhone.ActiveCfg = Debug|Any CPU
		{8C7B3D99-CE85-43F3-9E80-5D53648A85F6}.Turkey|iPhone.Build.0 = Debug|Any CPU
		{8C7B3D99-CE85-43F3-9E80-5D53648A85F6}.Turkey|iPhone.Deploy.0 = Debug|Any CPU
		{8C7B3D99-CE85-43F3-9E80-5D53648A85F6}.Turkey|iPhoneSimulator.ActiveCfg = Debug|Any CPU
		{8C7B3D99-CE85-43F3-9E80-5D53648A85F6}.Turkey|iPhoneSimulator.Build.0 = Debug|Any CPU
		{8C7B3D99-CE85-43F3-9E80-5D53648A85F6}.Turkey|iPhoneSimulator.Deploy.0 = Debug|Any CPU
		{8C7B3D99-CE85-43F3-9E80-5D53648A85F6}.Turkey|x64.ActiveCfg = Debug|Any CPU
		{8C7B3D99-CE85-43F3-9E80-5D53648A85F6}.Turkey|x64.Build.0 = Debug|Any CPU
		{8C7B3D99-CE85-43F3-9E80-5D53648A85F6}.Turkey|x64.Deploy.0 = Debug|Any CPU
		{8C7B3D99-CE85-43F3-9E80-5D53648A85F6}.Turkey|x86.ActiveCfg = Debug|x86
		{8C7B3D99-CE85-43F3-9E80-5D53648A85F6}.Turkey|x86.Build.0 = Debug|x86
		{8C7B3D99-CE85-43F3-9E80-5D53648A85F6}.Turkey|x86.Deploy.0 = Debug|x86
		{7C07E104-5812-43BB-A70D-37AA799BD1DB}.Ad-Hoc|Any CPU.ActiveCfg = Release|Any CPU
		{7C07E104-5812-43BB-A70D-37AA799BD1DB}.Ad-Hoc|Any CPU.Build.0 = Release|Any CPU
		{7C07E104-5812-43BB-A70D-37AA799BD1DB}.Ad-Hoc|ARM.ActiveCfg = Release|Any CPU
		{7C07E104-5812-43BB-A70D-37AA799BD1DB}.Ad-Hoc|ARM.Build.0 = Release|Any CPU
		{7C07E104-5812-43BB-A70D-37AA799BD1DB}.Ad-Hoc|iPhone.ActiveCfg = Release|Any CPU
		{7C07E104-5812-43BB-A70D-37AA799BD1DB}.Ad-Hoc|iPhone.Build.0 = Release|Any CPU
		{7C07E104-5812-43BB-A70D-37AA799BD1DB}.Ad-Hoc|iPhoneSimulator.ActiveCfg = Release|Any CPU
		{7C07E104-5812-43BB-A70D-37AA799BD1DB}.Ad-Hoc|iPhoneSimulator.Build.0 = Release|Any CPU
		{7C07E104-5812-43BB-A70D-37AA799BD1DB}.Ad-Hoc|x64.ActiveCfg = Release|Any CPU
		{7C07E104-5812-43BB-A70D-37AA799BD1DB}.Ad-Hoc|x64.Build.0 = Release|Any CPU
		{7C07E104-5812-43BB-A70D-37AA799BD1DB}.Ad-Hoc|x86.ActiveCfg = Release|Any CPU
		{7C07E104-5812-43BB-A70D-37AA799BD1DB}.Ad-Hoc|x86.Build.0 = Release|Any CPU
		{7C07E104-5812-43BB-A70D-37AA799BD1DB}.AppStore|Any CPU.ActiveCfg = Release|Any CPU
		{7C07E104-5812-43BB-A70D-37AA799BD1DB}.AppStore|Any CPU.Build.0 = Release|Any CPU
		{7C07E104-5812-43BB-A70D-37AA799BD1DB}.AppStore|ARM.ActiveCfg = Release|Any CPU
		{7C07E104-5812-43BB-A70D-37AA799BD1DB}.AppStore|ARM.Build.0 = Release|Any CPU
		{7C07E104-5812-43BB-A70D-37AA799BD1DB}.AppStore|iPhone.ActiveCfg = Release|Any CPU
		{7C07E104-5812-43BB-A70D-37AA799BD1DB}.AppStore|iPhone.Build.0 = Release|Any CPU
		{7C07E104-5812-43BB-A70D-37AA799BD1DB}.AppStore|iPhoneSimulator.ActiveCfg = Release|Any CPU
		{7C07E104-5812-43BB-A70D-37AA799BD1DB}.AppStore|iPhoneSimulator.Build.0 = Release|Any CPU
		{7C07E104-5812-43BB-A70D-37AA799BD1DB}.AppStore|x64.ActiveCfg = Release|Any CPU
		{7C07E104-5812-43BB-A70D-37AA799BD1DB}.AppStore|x64.Build.0 = Release|Any CPU
		{7C07E104-5812-43BB-A70D-37AA799BD1DB}.AppStore|x86.ActiveCfg = Release|Any CPU
		{7C07E104-5812-43BB-A70D-37AA799BD1DB}.AppStore|x86.Build.0 = Release|Any CPU
		{7C07E104-5812-43BB-A70D-37AA799BD1DB}.Debug|Any CPU.ActiveCfg = Debug|Any CPU
		{7C07E104-5812-43BB-A70D-37AA799BD1DB}.Debug|Any CPU.Build.0 = Debug|Any CPU
		{7C07E104-5812-43BB-A70D-37AA799BD1DB}.Debug|ARM.ActiveCfg = Debug|Any CPU
		{7C07E104-5812-43BB-A70D-37AA799BD1DB}.Debug|ARM.Build.0 = Debug|Any CPU
		{7C07E104-5812-43BB-A70D-37AA799BD1DB}.Debug|iPhone.ActiveCfg = Debug|Any CPU
		{7C07E104-5812-43BB-A70D-37AA799BD1DB}.Debug|iPhone.Build.0 = Debug|Any CPU
		{7C07E104-5812-43BB-A70D-37AA799BD1DB}.Debug|iPhoneSimulator.ActiveCfg = Debug|Any CPU
		{7C07E104-5812-43BB-A70D-37AA799BD1DB}.Debug|iPhoneSimulator.Build.0 = Debug|Any CPU
		{7C07E104-5812-43BB-A70D-37AA799BD1DB}.Debug|x64.ActiveCfg = Debug|Any CPU
		{7C07E104-5812-43BB-A70D-37AA799BD1DB}.Debug|x64.Build.0 = Debug|Any CPU
		{7C07E104-5812-43BB-A70D-37AA799BD1DB}.Debug|x86.ActiveCfg = Debug|Any CPU
		{7C07E104-5812-43BB-A70D-37AA799BD1DB}.Debug|x86.Build.0 = Debug|Any CPU
		{7C07E104-5812-43BB-A70D-37AA799BD1DB}.Release|Any CPU.ActiveCfg = Release|Any CPU
		{7C07E104-5812-43BB-A70D-37AA799BD1DB}.Release|Any CPU.Build.0 = Release|Any CPU
		{7C07E104-5812-43BB-A70D-37AA799BD1DB}.Release|ARM.ActiveCfg = Release|Any CPU
		{7C07E104-5812-43BB-A70D-37AA799BD1DB}.Release|ARM.Build.0 = Release|Any CPU
		{7C07E104-5812-43BB-A70D-37AA799BD1DB}.Release|iPhone.ActiveCfg = Release|Any CPU
		{7C07E104-5812-43BB-A70D-37AA799BD1DB}.Release|iPhone.Build.0 = Release|Any CPU
		{7C07E104-5812-43BB-A70D-37AA799BD1DB}.Release|iPhoneSimulator.ActiveCfg = Release|Any CPU
		{7C07E104-5812-43BB-A70D-37AA799BD1DB}.Release|iPhoneSimulator.Build.0 = Release|Any CPU
		{7C07E104-5812-43BB-A70D-37AA799BD1DB}.Release|x64.ActiveCfg = Release|Any CPU
		{7C07E104-5812-43BB-A70D-37AA799BD1DB}.Release|x64.Build.0 = Release|Any CPU
		{7C07E104-5812-43BB-A70D-37AA799BD1DB}.Release|x86.ActiveCfg = Release|Any CPU
		{7C07E104-5812-43BB-A70D-37AA799BD1DB}.Release|x86.Build.0 = Release|Any CPU
		{7C07E104-5812-43BB-A70D-37AA799BD1DB}.Turkey|Any CPU.ActiveCfg = Debug|Any CPU
		{7C07E104-5812-43BB-A70D-37AA799BD1DB}.Turkey|Any CPU.Build.0 = Debug|Any CPU
		{7C07E104-5812-43BB-A70D-37AA799BD1DB}.Turkey|ARM.ActiveCfg = Debug|Any CPU
		{7C07E104-5812-43BB-A70D-37AA799BD1DB}.Turkey|ARM.Build.0 = Debug|Any CPU
		{7C07E104-5812-43BB-A70D-37AA799BD1DB}.Turkey|iPhone.ActiveCfg = Debug|Any CPU
		{7C07E104-5812-43BB-A70D-37AA799BD1DB}.Turkey|iPhone.Build.0 = Debug|Any CPU
		{7C07E104-5812-43BB-A70D-37AA799BD1DB}.Turkey|iPhoneSimulator.ActiveCfg = Debug|Any CPU
		{7C07E104-5812-43BB-A70D-37AA799BD1DB}.Turkey|iPhoneSimulator.Build.0 = Debug|Any CPU
		{7C07E104-5812-43BB-A70D-37AA799BD1DB}.Turkey|x64.ActiveCfg = Debug|Any CPU
		{7C07E104-5812-43BB-A70D-37AA799BD1DB}.Turkey|x64.Build.0 = Debug|Any CPU
		{7C07E104-5812-43BB-A70D-37AA799BD1DB}.Turkey|x86.ActiveCfg = Debug|Any CPU
		{7C07E104-5812-43BB-A70D-37AA799BD1DB}.Turkey|x86.Build.0 = Debug|Any CPU
		{4C8DA3BE-FE92-4250-9DCA-FC5AD09EEBC6}.Ad-Hoc|Any CPU.ActiveCfg = Release|Any CPU
		{4C8DA3BE-FE92-4250-9DCA-FC5AD09EEBC6}.Ad-Hoc|Any CPU.Build.0 = Release|Any CPU
		{4C8DA3BE-FE92-4250-9DCA-FC5AD09EEBC6}.Ad-Hoc|ARM.ActiveCfg = Release|Any CPU
		{4C8DA3BE-FE92-4250-9DCA-FC5AD09EEBC6}.Ad-Hoc|ARM.Build.0 = Release|Any CPU
		{4C8DA3BE-FE92-4250-9DCA-FC5AD09EEBC6}.Ad-Hoc|iPhone.ActiveCfg = Release|Any CPU
		{4C8DA3BE-FE92-4250-9DCA-FC5AD09EEBC6}.Ad-Hoc|iPhone.Build.0 = Release|Any CPU
		{4C8DA3BE-FE92-4250-9DCA-FC5AD09EEBC6}.Ad-Hoc|iPhoneSimulator.ActiveCfg = Release|Any CPU
		{4C8DA3BE-FE92-4250-9DCA-FC5AD09EEBC6}.Ad-Hoc|iPhoneSimulator.Build.0 = Release|Any CPU
		{4C8DA3BE-FE92-4250-9DCA-FC5AD09EEBC6}.Ad-Hoc|x64.ActiveCfg = Release|Any CPU
		{4C8DA3BE-FE92-4250-9DCA-FC5AD09EEBC6}.Ad-Hoc|x64.Build.0 = Release|Any CPU
		{4C8DA3BE-FE92-4250-9DCA-FC5AD09EEBC6}.Ad-Hoc|x86.ActiveCfg = Release|Any CPU
		{4C8DA3BE-FE92-4250-9DCA-FC5AD09EEBC6}.Ad-Hoc|x86.Build.0 = Release|Any CPU
		{4C8DA3BE-FE92-4250-9DCA-FC5AD09EEBC6}.AppStore|Any CPU.ActiveCfg = Release|Any CPU
		{4C8DA3BE-FE92-4250-9DCA-FC5AD09EEBC6}.AppStore|Any CPU.Build.0 = Release|Any CPU
		{4C8DA3BE-FE92-4250-9DCA-FC5AD09EEBC6}.AppStore|ARM.ActiveCfg = Release|Any CPU
		{4C8DA3BE-FE92-4250-9DCA-FC5AD09EEBC6}.AppStore|ARM.Build.0 = Release|Any CPU
		{4C8DA3BE-FE92-4250-9DCA-FC5AD09EEBC6}.AppStore|iPhone.ActiveCfg = Release|Any CPU
		{4C8DA3BE-FE92-4250-9DCA-FC5AD09EEBC6}.AppStore|iPhone.Build.0 = Release|Any CPU
		{4C8DA3BE-FE92-4250-9DCA-FC5AD09EEBC6}.AppStore|iPhoneSimulator.ActiveCfg = Release|Any CPU
		{4C8DA3BE-FE92-4250-9DCA-FC5AD09EEBC6}.AppStore|iPhoneSimulator.Build.0 = Release|Any CPU
		{4C8DA3BE-FE92-4250-9DCA-FC5AD09EEBC6}.AppStore|x64.ActiveCfg = Release|Any CPU
		{4C8DA3BE-FE92-4250-9DCA-FC5AD09EEBC6}.AppStore|x64.Build.0 = Release|Any CPU
		{4C8DA3BE-FE92-4250-9DCA-FC5AD09EEBC6}.AppStore|x86.ActiveCfg = Release|Any CPU
		{4C8DA3BE-FE92-4250-9DCA-FC5AD09EEBC6}.AppStore|x86.Build.0 = Release|Any CPU
		{4C8DA3BE-FE92-4250-9DCA-FC5AD09EEBC6}.Debug|Any CPU.ActiveCfg = Debug|Any CPU
		{4C8DA3BE-FE92-4250-9DCA-FC5AD09EEBC6}.Debug|Any CPU.Build.0 = Debug|Any CPU
		{4C8DA3BE-FE92-4250-9DCA-FC5AD09EEBC6}.Debug|ARM.ActiveCfg = Debug|Any CPU
		{4C8DA3BE-FE92-4250-9DCA-FC5AD09EEBC6}.Debug|ARM.Build.0 = Debug|Any CPU
		{4C8DA3BE-FE92-4250-9DCA-FC5AD09EEBC6}.Debug|iPhone.ActiveCfg = Debug|Any CPU
		{4C8DA3BE-FE92-4250-9DCA-FC5AD09EEBC6}.Debug|iPhone.Build.0 = Debug|Any CPU
		{4C8DA3BE-FE92-4250-9DCA-FC5AD09EEBC6}.Debug|iPhoneSimulator.ActiveCfg = Debug|Any CPU
		{4C8DA3BE-FE92-4250-9DCA-FC5AD09EEBC6}.Debug|iPhoneSimulator.Build.0 = Debug|Any CPU
		{4C8DA3BE-FE92-4250-9DCA-FC5AD09EEBC6}.Debug|x64.ActiveCfg = Debug|Any CPU
		{4C8DA3BE-FE92-4250-9DCA-FC5AD09EEBC6}.Debug|x64.Build.0 = Debug|Any CPU
		{4C8DA3BE-FE92-4250-9DCA-FC5AD09EEBC6}.Debug|x86.ActiveCfg = Debug|Any CPU
		{4C8DA3BE-FE92-4250-9DCA-FC5AD09EEBC6}.Debug|x86.Build.0 = Debug|Any CPU
		{4C8DA3BE-FE92-4250-9DCA-FC5AD09EEBC6}.Release|Any CPU.ActiveCfg = Release|Any CPU
		{4C8DA3BE-FE92-4250-9DCA-FC5AD09EEBC6}.Release|Any CPU.Build.0 = Release|Any CPU
		{4C8DA3BE-FE92-4250-9DCA-FC5AD09EEBC6}.Release|ARM.ActiveCfg = Release|Any CPU
		{4C8DA3BE-FE92-4250-9DCA-FC5AD09EEBC6}.Release|ARM.Build.0 = Release|Any CPU
		{4C8DA3BE-FE92-4250-9DCA-FC5AD09EEBC6}.Release|iPhone.ActiveCfg = Release|Any CPU
		{4C8DA3BE-FE92-4250-9DCA-FC5AD09EEBC6}.Release|iPhone.Build.0 = Release|Any CPU
		{4C8DA3BE-FE92-4250-9DCA-FC5AD09EEBC6}.Release|iPhoneSimulator.ActiveCfg = Release|Any CPU
		{4C8DA3BE-FE92-4250-9DCA-FC5AD09EEBC6}.Release|iPhoneSimulator.Build.0 = Release|Any CPU
		{4C8DA3BE-FE92-4250-9DCA-FC5AD09EEBC6}.Release|x64.ActiveCfg = Release|Any CPU
		{4C8DA3BE-FE92-4250-9DCA-FC5AD09EEBC6}.Release|x64.Build.0 = Release|Any CPU
		{4C8DA3BE-FE92-4250-9DCA-FC5AD09EEBC6}.Release|x86.ActiveCfg = Release|Any CPU
		{4C8DA3BE-FE92-4250-9DCA-FC5AD09EEBC6}.Release|x86.Build.0 = Release|Any CPU
		{4C8DA3BE-FE92-4250-9DCA-FC5AD09EEBC6}.Turkey|Any CPU.ActiveCfg = Debug|Any CPU
		{4C8DA3BE-FE92-4250-9DCA-FC5AD09EEBC6}.Turkey|Any CPU.Build.0 = Debug|Any CPU
		{4C8DA3BE-FE92-4250-9DCA-FC5AD09EEBC6}.Turkey|ARM.ActiveCfg = Debug|Any CPU
		{4C8DA3BE-FE92-4250-9DCA-FC5AD09EEBC6}.Turkey|ARM.Build.0 = Debug|Any CPU
		{4C8DA3BE-FE92-4250-9DCA-FC5AD09EEBC6}.Turkey|iPhone.ActiveCfg = Debug|Any CPU
		{4C8DA3BE-FE92-4250-9DCA-FC5AD09EEBC6}.Turkey|iPhone.Build.0 = Debug|Any CPU
		{4C8DA3BE-FE92-4250-9DCA-FC5AD09EEBC6}.Turkey|iPhoneSimulator.ActiveCfg = Debug|Any CPU
		{4C8DA3BE-FE92-4250-9DCA-FC5AD09EEBC6}.Turkey|iPhoneSimulator.Build.0 = Debug|Any CPU
		{4C8DA3BE-FE92-4250-9DCA-FC5AD09EEBC6}.Turkey|x64.ActiveCfg = Debug|Any CPU
		{4C8DA3BE-FE92-4250-9DCA-FC5AD09EEBC6}.Turkey|x64.Build.0 = Debug|Any CPU
		{4C8DA3BE-FE92-4250-9DCA-FC5AD09EEBC6}.Turkey|x86.ActiveCfg = Debug|Any CPU
		{4C8DA3BE-FE92-4250-9DCA-FC5AD09EEBC6}.Turkey|x86.Build.0 = Debug|Any CPU
		{2633AF57-F2CB-442A-AC19-F97BD8A06571}.Ad-Hoc|Any CPU.ActiveCfg = Release|Any CPU
		{2633AF57-F2CB-442A-AC19-F97BD8A06571}.Ad-Hoc|Any CPU.Build.0 = Release|Any CPU
		{2633AF57-F2CB-442A-AC19-F97BD8A06571}.Ad-Hoc|ARM.ActiveCfg = Release|ARM
		{2633AF57-F2CB-442A-AC19-F97BD8A06571}.Ad-Hoc|ARM.Build.0 = Release|ARM
		{2633AF57-F2CB-442A-AC19-F97BD8A06571}.Ad-Hoc|iPhone.ActiveCfg = Release|Any CPU
		{2633AF57-F2CB-442A-AC19-F97BD8A06571}.Ad-Hoc|iPhone.Build.0 = Release|Any CPU
		{2633AF57-F2CB-442A-AC19-F97BD8A06571}.Ad-Hoc|iPhoneSimulator.ActiveCfg = Release|Any CPU
		{2633AF57-F2CB-442A-AC19-F97BD8A06571}.Ad-Hoc|iPhoneSimulator.Build.0 = Release|Any CPU
		{2633AF57-F2CB-442A-AC19-F97BD8A06571}.Ad-Hoc|x64.ActiveCfg = Release|Any CPU
		{2633AF57-F2CB-442A-AC19-F97BD8A06571}.Ad-Hoc|x64.Build.0 = Release|Any CPU
		{2633AF57-F2CB-442A-AC19-F97BD8A06571}.Ad-Hoc|x86.ActiveCfg = Release|x86
		{2633AF57-F2CB-442A-AC19-F97BD8A06571}.Ad-Hoc|x86.Build.0 = Release|x86
		{2633AF57-F2CB-442A-AC19-F97BD8A06571}.AppStore|Any CPU.ActiveCfg = Release|Any CPU
		{2633AF57-F2CB-442A-AC19-F97BD8A06571}.AppStore|Any CPU.Build.0 = Release|Any CPU
		{2633AF57-F2CB-442A-AC19-F97BD8A06571}.AppStore|ARM.ActiveCfg = Release|ARM
		{2633AF57-F2CB-442A-AC19-F97BD8A06571}.AppStore|ARM.Build.0 = Release|ARM
		{2633AF57-F2CB-442A-AC19-F97BD8A06571}.AppStore|iPhone.ActiveCfg = Release|Any CPU
		{2633AF57-F2CB-442A-AC19-F97BD8A06571}.AppStore|iPhone.Build.0 = Release|Any CPU
		{2633AF57-F2CB-442A-AC19-F97BD8A06571}.AppStore|iPhoneSimulator.ActiveCfg = Release|Any CPU
		{2633AF57-F2CB-442A-AC19-F97BD8A06571}.AppStore|iPhoneSimulator.Build.0 = Release|Any CPU
		{2633AF57-F2CB-442A-AC19-F97BD8A06571}.AppStore|x64.ActiveCfg = Release|Any CPU
		{2633AF57-F2CB-442A-AC19-F97BD8A06571}.AppStore|x64.Build.0 = Release|Any CPU
		{2633AF57-F2CB-442A-AC19-F97BD8A06571}.AppStore|x86.ActiveCfg = Release|x86
		{2633AF57-F2CB-442A-AC19-F97BD8A06571}.AppStore|x86.Build.0 = Release|x86
		{2633AF57-F2CB-442A-AC19-F97BD8A06571}.Debug|Any CPU.ActiveCfg = Debug|Any CPU
		{2633AF57-F2CB-442A-AC19-F97BD8A06571}.Debug|Any CPU.Build.0 = Debug|Any CPU
		{2633AF57-F2CB-442A-AC19-F97BD8A06571}.Debug|ARM.ActiveCfg = Debug|ARM
		{2633AF57-F2CB-442A-AC19-F97BD8A06571}.Debug|ARM.Build.0 = Debug|ARM
		{2633AF57-F2CB-442A-AC19-F97BD8A06571}.Debug|iPhone.ActiveCfg = Debug|Any CPU
		{2633AF57-F2CB-442A-AC19-F97BD8A06571}.Debug|iPhone.Build.0 = Debug|Any CPU
		{2633AF57-F2CB-442A-AC19-F97BD8A06571}.Debug|iPhoneSimulator.ActiveCfg = Debug|Any CPU
		{2633AF57-F2CB-442A-AC19-F97BD8A06571}.Debug|iPhoneSimulator.Build.0 = Debug|Any CPU
		{2633AF57-F2CB-442A-AC19-F97BD8A06571}.Debug|x64.ActiveCfg = Debug|Any CPU
		{2633AF57-F2CB-442A-AC19-F97BD8A06571}.Debug|x64.Build.0 = Debug|Any CPU
		{2633AF57-F2CB-442A-AC19-F97BD8A06571}.Debug|x86.ActiveCfg = Debug|x86
		{2633AF57-F2CB-442A-AC19-F97BD8A06571}.Debug|x86.Build.0 = Debug|x86
		{2633AF57-F2CB-442A-AC19-F97BD8A06571}.Release|Any CPU.ActiveCfg = Release|Any CPU
		{2633AF57-F2CB-442A-AC19-F97BD8A06571}.Release|Any CPU.Build.0 = Release|Any CPU
		{2633AF57-F2CB-442A-AC19-F97BD8A06571}.Release|ARM.ActiveCfg = Release|ARM
		{2633AF57-F2CB-442A-AC19-F97BD8A06571}.Release|ARM.Build.0 = Release|ARM
		{2633AF57-F2CB-442A-AC19-F97BD8A06571}.Release|iPhone.ActiveCfg = Release|Any CPU
		{2633AF57-F2CB-442A-AC19-F97BD8A06571}.Release|iPhone.Build.0 = Release|Any CPU
		{2633AF57-F2CB-442A-AC19-F97BD8A06571}.Release|iPhoneSimulator.ActiveCfg = Release|Any CPU
		{2633AF57-F2CB-442A-AC19-F97BD8A06571}.Release|iPhoneSimulator.Build.0 = Release|Any CPU
		{2633AF57-F2CB-442A-AC19-F97BD8A06571}.Release|x64.ActiveCfg = Release|Any CPU
		{2633AF57-F2CB-442A-AC19-F97BD8A06571}.Release|x64.Build.0 = Release|Any CPU
		{2633AF57-F2CB-442A-AC19-F97BD8A06571}.Release|x86.ActiveCfg = Release|x86
		{2633AF57-F2CB-442A-AC19-F97BD8A06571}.Release|x86.Build.0 = Release|x86
		{2633AF57-F2CB-442A-AC19-F97BD8A06571}.Turkey|Any CPU.ActiveCfg = Debug|Any CPU
		{2633AF57-F2CB-442A-AC19-F97BD8A06571}.Turkey|Any CPU.Build.0 = Debug|Any CPU
		{2633AF57-F2CB-442A-AC19-F97BD8A06571}.Turkey|ARM.ActiveCfg = Debug|ARM
		{2633AF57-F2CB-442A-AC19-F97BD8A06571}.Turkey|ARM.Build.0 = Debug|ARM
		{2633AF57-F2CB-442A-AC19-F97BD8A06571}.Turkey|iPhone.ActiveCfg = Debug|Any CPU
		{2633AF57-F2CB-442A-AC19-F97BD8A06571}.Turkey|iPhone.Build.0 = Debug|Any CPU
		{2633AF57-F2CB-442A-AC19-F97BD8A06571}.Turkey|iPhoneSimulator.ActiveCfg = Debug|Any CPU
		{2633AF57-F2CB-442A-AC19-F97BD8A06571}.Turkey|iPhoneSimulator.Build.0 = Debug|Any CPU
		{2633AF57-F2CB-442A-AC19-F97BD8A06571}.Turkey|x64.ActiveCfg = Debug|Any CPU
		{2633AF57-F2CB-442A-AC19-F97BD8A06571}.Turkey|x64.Build.0 = Debug|Any CPU
		{2633AF57-F2CB-442A-AC19-F97BD8A06571}.Turkey|x86.ActiveCfg = Debug|x86
		{2633AF57-F2CB-442A-AC19-F97BD8A06571}.Turkey|x86.Build.0 = Debug|x86
		{BD50B39A-EBC5-408F-9C5E-923A8EBAE473}.Ad-Hoc|Any CPU.ActiveCfg = Turkey|Any CPU
		{BD50B39A-EBC5-408F-9C5E-923A8EBAE473}.Ad-Hoc|Any CPU.Build.0 = Turkey|Any CPU
		{BD50B39A-EBC5-408F-9C5E-923A8EBAE473}.Ad-Hoc|ARM.ActiveCfg = Turkey|Any CPU
		{BD50B39A-EBC5-408F-9C5E-923A8EBAE473}.Ad-Hoc|ARM.Build.0 = Turkey|Any CPU
		{BD50B39A-EBC5-408F-9C5E-923A8EBAE473}.Ad-Hoc|iPhone.ActiveCfg = Turkey|Any CPU
		{BD50B39A-EBC5-408F-9C5E-923A8EBAE473}.Ad-Hoc|iPhone.Build.0 = Turkey|Any CPU
		{BD50B39A-EBC5-408F-9C5E-923A8EBAE473}.Ad-Hoc|iPhoneSimulator.ActiveCfg = Turkey|Any CPU
		{BD50B39A-EBC5-408F-9C5E-923A8EBAE473}.Ad-Hoc|iPhoneSimulator.Build.0 = Turkey|Any CPU
		{BD50B39A-EBC5-408F-9C5E-923A8EBAE473}.Ad-Hoc|x64.ActiveCfg = Turkey|Any CPU
		{BD50B39A-EBC5-408F-9C5E-923A8EBAE473}.Ad-Hoc|x64.Build.0 = Turkey|Any CPU
		{BD50B39A-EBC5-408F-9C5E-923A8EBAE473}.Ad-Hoc|x86.ActiveCfg = Turkey|Any CPU
		{BD50B39A-EBC5-408F-9C5E-923A8EBAE473}.Ad-Hoc|x86.Build.0 = Turkey|Any CPU
		{BD50B39A-EBC5-408F-9C5E-923A8EBAE473}.AppStore|Any CPU.ActiveCfg = Turkey|Any CPU
		{BD50B39A-EBC5-408F-9C5E-923A8EBAE473}.AppStore|Any CPU.Build.0 = Turkey|Any CPU
		{BD50B39A-EBC5-408F-9C5E-923A8EBAE473}.AppStore|ARM.ActiveCfg = Turkey|Any CPU
		{BD50B39A-EBC5-408F-9C5E-923A8EBAE473}.AppStore|ARM.Build.0 = Turkey|Any CPU
		{BD50B39A-EBC5-408F-9C5E-923A8EBAE473}.AppStore|iPhone.ActiveCfg = Turkey|Any CPU
		{BD50B39A-EBC5-408F-9C5E-923A8EBAE473}.AppStore|iPhone.Build.0 = Turkey|Any CPU
		{BD50B39A-EBC5-408F-9C5E-923A8EBAE473}.AppStore|iPhoneSimulator.ActiveCfg = Turkey|Any CPU
		{BD50B39A-EBC5-408F-9C5E-923A8EBAE473}.AppStore|iPhoneSimulator.Build.0 = Turkey|Any CPU
		{BD50B39A-EBC5-408F-9C5E-923A8EBAE473}.AppStore|x64.ActiveCfg = Turkey|Any CPU
		{BD50B39A-EBC5-408F-9C5E-923A8EBAE473}.AppStore|x64.Build.0 = Turkey|Any CPU
		{BD50B39A-EBC5-408F-9C5E-923A8EBAE473}.AppStore|x86.ActiveCfg = Turkey|Any CPU
		{BD50B39A-EBC5-408F-9C5E-923A8EBAE473}.AppStore|x86.Build.0 = Turkey|Any CPU
		{BD50B39A-EBC5-408F-9C5E-923A8EBAE473}.Debug|Any CPU.ActiveCfg = Debug|Any CPU
		{BD50B39A-EBC5-408F-9C5E-923A8EBAE473}.Debug|Any CPU.Build.0 = Debug|Any CPU
		{BD50B39A-EBC5-408F-9C5E-923A8EBAE473}.Debug|ARM.ActiveCfg = Debug|Any CPU
		{BD50B39A-EBC5-408F-9C5E-923A8EBAE473}.Debug|ARM.Build.0 = Debug|Any CPU
		{BD50B39A-EBC5-408F-9C5E-923A8EBAE473}.Debug|iPhone.ActiveCfg = Debug|Any CPU
		{BD50B39A-EBC5-408F-9C5E-923A8EBAE473}.Debug|iPhone.Build.0 = Debug|Any CPU
		{BD50B39A-EBC5-408F-9C5E-923A8EBAE473}.Debug|iPhoneSimulator.ActiveCfg = Debug|Any CPU
		{BD50B39A-EBC5-408F-9C5E-923A8EBAE473}.Debug|iPhoneSimulator.Build.0 = Debug|Any CPU
		{BD50B39A-EBC5-408F-9C5E-923A8EBAE473}.Debug|x64.ActiveCfg = Debug|Any CPU
		{BD50B39A-EBC5-408F-9C5E-923A8EBAE473}.Debug|x64.Build.0 = Debug|Any CPU
		{BD50B39A-EBC5-408F-9C5E-923A8EBAE473}.Debug|x86.ActiveCfg = Debug|Any CPU
		{BD50B39A-EBC5-408F-9C5E-923A8EBAE473}.Debug|x86.Build.0 = Debug|Any CPU
		{BD50B39A-EBC5-408F-9C5E-923A8EBAE473}.Release|Any CPU.ActiveCfg = Release|Any CPU
		{BD50B39A-EBC5-408F-9C5E-923A8EBAE473}.Release|Any CPU.Build.0 = Release|Any CPU
		{BD50B39A-EBC5-408F-9C5E-923A8EBAE473}.Release|ARM.ActiveCfg = Release|Any CPU
		{BD50B39A-EBC5-408F-9C5E-923A8EBAE473}.Release|ARM.Build.0 = Release|Any CPU
		{BD50B39A-EBC5-408F-9C5E-923A8EBAE473}.Release|iPhone.ActiveCfg = Release|Any CPU
		{BD50B39A-EBC5-408F-9C5E-923A8EBAE473}.Release|iPhone.Build.0 = Release|Any CPU
		{BD50B39A-EBC5-408F-9C5E-923A8EBAE473}.Release|iPhoneSimulator.ActiveCfg = Release|Any CPU
		{BD50B39A-EBC5-408F-9C5E-923A8EBAE473}.Release|iPhoneSimulator.Build.0 = Release|Any CPU
		{BD50B39A-EBC5-408F-9C5E-923A8EBAE473}.Release|x64.ActiveCfg = Release|Any CPU
		{BD50B39A-EBC5-408F-9C5E-923A8EBAE473}.Release|x64.Build.0 = Release|Any CPU
		{BD50B39A-EBC5-408F-9C5E-923A8EBAE473}.Release|x86.ActiveCfg = Release|Any CPU
		{BD50B39A-EBC5-408F-9C5E-923A8EBAE473}.Release|x86.Build.0 = Release|Any CPU
		{BD50B39A-EBC5-408F-9C5E-923A8EBAE473}.Turkey|Any CPU.ActiveCfg = Turkey|Any CPU
		{BD50B39A-EBC5-408F-9C5E-923A8EBAE473}.Turkey|Any CPU.Build.0 = Turkey|Any CPU
		{BD50B39A-EBC5-408F-9C5E-923A8EBAE473}.Turkey|ARM.ActiveCfg = Turkey|Any CPU
		{BD50B39A-EBC5-408F-9C5E-923A8EBAE473}.Turkey|ARM.Build.0 = Turkey|Any CPU
		{BD50B39A-EBC5-408F-9C5E-923A8EBAE473}.Turkey|iPhone.ActiveCfg = Turkey|Any CPU
		{BD50B39A-EBC5-408F-9C5E-923A8EBAE473}.Turkey|iPhone.Build.0 = Turkey|Any CPU
		{BD50B39A-EBC5-408F-9C5E-923A8EBAE473}.Turkey|iPhoneSimulator.ActiveCfg = Turkey|Any CPU
		{BD50B39A-EBC5-408F-9C5E-923A8EBAE473}.Turkey|iPhoneSimulator.Build.0 = Turkey|Any CPU
		{BD50B39A-EBC5-408F-9C5E-923A8EBAE473}.Turkey|x64.ActiveCfg = Turkey|Any CPU
		{BD50B39A-EBC5-408F-9C5E-923A8EBAE473}.Turkey|x64.Build.0 = Turkey|Any CPU
		{BD50B39A-EBC5-408F-9C5E-923A8EBAE473}.Turkey|x86.ActiveCfg = Turkey|Any CPU
		{BD50B39A-EBC5-408F-9C5E-923A8EBAE473}.Turkey|x86.Build.0 = Turkey|Any CPU
	EndGlobalSection
	GlobalSection(SolutionProperties) = preSolution
		HideSolutionNode = FALSE
	EndGlobalSection
EndGlobal
